
Microsoft Visual Studio Solution File, Format Version 12.00
# Visual Studio Version 17
VisualStudioVersion = 17.3.32901.215
MinimumVisualStudioVersion = 10.0.40219.1
Project("{FAE04EC0-301F-11D3-BF4B-00C04F79EFBC}") = "AutoresClase", "AutoresClase\AutoresClase.csproj", "{3FAD6FA3-A313-4C11-A297-CB593BA41AAE}"
EndProject
Global
	GlobalSection(SolutionConfigurationPlatforms) = preSolution
		Debug|Any CPU = Debug|Any CPU
		Release|Any CPU = Release|Any CPU
	EndGlobalSection
	GlobalSection(ProjectConfigurationPlatforms) = postSolution
		{3FAD6FA3-A313-4C11-A297-CB593BA41AAE}.Debug|Any CPU.ActiveCfg = Debug|Any CPU
		{3FAD6FA3-A313-4C11-A297-CB593BA41AAE}.Debug|Any CPU.Build.0 = Debug|Any CPU
		{3FAD6FA3-A313-4C11-A297-CB593BA41AAE}.Release|Any CPU.ActiveCfg = Release|Any CPU
		{3FAD6FA3-A313-4C11-A297-CB593BA41AAE}.Release|Any CPU.Build.0 = Release|Any CPU
	EndGlobalSection
	GlobalSection(SolutionProperties) = preSolution
		HideSolutionNode = FALSE
	EndGlobalSection
	GlobalSection(ExtensibilityGlobals) = postSolution
		SolutionGuid = {0DBF2A5B-DB3C-4BAD-A853-A80F67C6F6FD}
	EndGlobalSection
EndGlobal
